
Microsoft Visual Studio Solution File, Format Version 12.00
# Visual Studio 15
VisualStudioVersion = 15.0.26228.12
MinimumVisualStudioVersion = 10.0.40219.1
Project("{2150E333-8FDC-42A3-9474-1A3956D46DE8}") = "Tests", "Tests", "{D3A4E2A4-0B77-4E73-982F-3E97452BBE23}"
EndProject
Project("{FAE04EC0-301F-11D3-BF4B-00C04F79EFBC}") = "MathTests", "MathTests\MathTests.csproj", "{D3B16A7E-8C60-409F-B5E3-167E1718DCB3}"
EndProject
Project("{FAE04EC0-301F-11D3-BF4B-00C04F79EFBC}") = "Math", "Math\Math.csproj", "{9D26D224-9315-40CE-8784-B108243756D2}"
EndProject
Project("{FAE04EC0-301F-11D3-BF4B-00C04F79EFBC}") = "Calculator", "Calculator\Calculator.csproj", "{62424309-5B7A-44B0-8D3F-719117212DC9}"
	ProjectSection(ProjectDependencies) = postProject
		{9D26D224-9315-40CE-8784-B108243756D2} = {9D26D224-9315-40CE-8784-B108243756D2}
	EndProjectSection
EndProject
Global
	GlobalSection(SolutionConfigurationPlatforms) = preSolution
		Debug|Any CPU = Debug|Any CPU
		Debug|ARM = Debug|ARM
		Debug|x64 = Debug|x64
		Debug|x86 = Debug|x86
		Release|Any CPU = Release|Any CPU
		Release|ARM = Release|ARM
		Release|x64 = Release|x64
		Release|x86 = Release|x86
	EndGlobalSection
	GlobalSection(ProjectConfigurationPlatforms) = postSolution
		{D3B16A7E-8C60-409F-B5E3-167E1718DCB3}.Debug|Any CPU.ActiveCfg = Debug|Any CPU
		{D3B16A7E-8C60-409F-B5E3-167E1718DCB3}.Debug|Any CPU.Build.0 = Debug|Any CPU
		{D3B16A7E-8C60-409F-B5E3-167E1718DCB3}.Debug|ARM.ActiveCfg = Debug|Any CPU
		{D3B16A7E-8C60-409F-B5E3-167E1718DCB3}.Debug|ARM.Build.0 = Debug|Any CPU
		{D3B16A7E-8C60-409F-B5E3-167E1718DCB3}.Debug|x64.ActiveCfg = Debug|Any CPU
		{D3B16A7E-8C60-409F-B5E3-167E1718DCB3}.Debug|x64.Build.0 = Debug|Any CPU
		{D3B16A7E-8C60-409F-B5E3-167E1718DCB3}.Debug|x86.ActiveCfg = Debug|Any CPU
		{D3B16A7E-8C60-409F-B5E3-167E1718DCB3}.Debug|x86.Build.0 = Debug|Any CPU
		{D3B16A7E-8C60-409F-B5E3-167E1718DCB3}.Release|Any CPU.ActiveCfg = Release|Any CPU
		{D3B16A7E-8C60-409F-B5E3-167E1718DCB3}.Release|Any CPU.Build.0 = Release|Any CPU
		{D3B16A7E-8C60-409F-B5E3-167E1718DCB3}.Release|ARM.ActiveCfg = Release|Any CPU
		{D3B16A7E-8C60-409F-B5E3-167E1718DCB3}.Release|ARM.Build.0 = Release|Any CPU
		{D3B16A7E-8C60-409F-B5E3-167E1718DCB3}.Release|x64.ActiveCfg = Release|Any CPU
		{D3B16A7E-8C60-409F-B5E3-167E1718DCB3}.Release|x64.Build.0 = Release|Any CPU
		{D3B16A7E-8C60-409F-B5E3-167E1718DCB3}.Release|x86.ActiveCfg = Release|Any CPU
		{D3B16A7E-8C60-409F-B5E3-167E1718DCB3}.Release|x86.Build.0 = Release|Any CPU
		{9D26D224-9315-40CE-8784-B108243756D2}.Debug|Any CPU.ActiveCfg = Debug|Any CPU
		{9D26D224-9315-40CE-8784-B108243756D2}.Debug|Any CPU.Build.0 = Debug|Any CPU
		{9D26D224-9315-40CE-8784-B108243756D2}.Debug|ARM.ActiveCfg = Debug|Any CPU
		{9D26D224-9315-40CE-8784-B108243756D2}.Debug|ARM.Build.0 = Debug|Any CPU
		{9D26D224-9315-40CE-8784-B108243756D2}.Debug|x64.ActiveCfg = Debug|Any CPU
		{9D26D224-9315-40CE-8784-B108243756D2}.Debug|x64.Build.0 = Debug|Any CPU
		{9D26D224-9315-40CE-8784-B108243756D2}.Debug|x86.ActiveCfg = Debug|Any CPU
		{9D26D224-9315-40CE-8784-B108243756D2}.Debug|x86.Build.0 = Debug|Any CPU
		{9D26D224-9315-40CE-8784-B108243756D2}.Release|Any CPU.ActiveCfg = Release|Any CPU
		{9D26D224-9315-40CE-8784-B108243756D2}.Release|Any CPU.Build.0 = Release|Any CPU
		{9D26D224-9315-40CE-8784-B108243756D2}.Release|ARM.ActiveCfg = Release|Any CPU
		{9D26D224-9315-40CE-8784-B108243756D2}.Release|ARM.Build.0 = Release|Any CPU
		{9D26D224-9315-40CE-8784-B108243756D2}.Release|x64.ActiveCfg = Release|Any CPU
		{9D26D224-9315-40CE-8784-B108243756D2}.Release|x64.Build.0 = Release|Any CPU
		{9D26D224-9315-40CE-8784-B108243756D2}.Release|x86.ActiveCfg = Release|Any CPU
		{9D26D224-9315-40CE-8784-B108243756D2}.Release|x86.Build.0 = Release|Any CPU
		{62424309-5B7A-44B0-8D3F-719117212DC9}.Debug|Any CPU.ActiveCfg = Debug|x86
		{62424309-5B7A-44B0-8D3F-719117212DC9}.Debug|Any CPU.Build.0 = Debug|x86
		{62424309-5B7A-44B0-8D3F-719117212DC9}.Debug|Any CPU.Deploy.0 = Debug|x86
		{62424309-5B7A-44B0-8D3F-719117212DC9}.Debug|ARM.ActiveCfg = Debug|ARM
		{62424309-5B7A-44B0-8D3F-719117212DC9}.Debug|ARM.Build.0 = Debug|ARM
		{62424309-5B7A-44B0-8D3F-719117212DC9}.Debug|ARM.Deploy.0 = Debug|ARM
		{62424309-5B7A-44B0-8D3F-719117212DC9}.Debug|x64.ActiveCfg = Debug|x64
		{62424309-5B7A-44B0-8D3F-719117212DC9}.Debug|x64.Build.0 = Debug|x64
		{62424309-5B7A-44B0-8D3F-719117212DC9}.Debug|x64.Deploy.0 = Debug|x64
		{62424309-5B7A-44B0-8D3F-719117212DC9}.Debug|x86.ActiveCfg = Debug|x86
		{62424309-5B7A-44B0-8D3F-719117212DC9}.Debug|x86.Build.0 = Debug|x86
		{62424309-5B7A-44B0-8D3F-719117212DC9}.Debug|x86.Deploy.0 = Debug|x86
		{62424309-5B7A-44B0-8D3F-719117212DC9}.Release|Any CPU.ActiveCfg = Release|x86
		{62424309-5B7A-44B0-8D3F-719117212DC9}.Release|ARM.ActiveCfg = Release|ARM
		{62424309-5B7A-44B0-8D3F-719117212DC9}.Release|ARM.Build.0 = Release|ARM
		{62424309-5B7A-44B0-8D3F-719117212DC9}.Release|ARM.Deploy.0 = Release|ARM
		{62424309-5B7A-44B0-8D3F-719117212DC9}.Release|x64.ActiveCfg = Release|x64
		{62424309-5B7A-44B0-8D3F-719117212DC9}.Release|x64.Build.0 = Release|x64
		{62424309-5B7A-44B0-8D3F-719117212DC9}.Release|x64.Deploy.0 = Release|x64
		{62424309-5B7A-44B0-8D3F-719117212DC9}.Release|x86.ActiveCfg = Release|x86
		{62424309-5B7A-44B0-8D3F-719117212DC9}.Release|x86.Build.0 = Release|x86
		{62424309-5B7A-44B0-8D3F-719117212DC9}.Release|x86.Deploy.0 = Release|x86
	EndGlobalSection
	GlobalSection(SolutionProperties) = preSolution
		HideSolutionNode = FALSE
	EndGlobalSection
	GlobalSection(NestedProjects) = preSolution
		{D3B16A7E-8C60-409F-B5E3-167E1718DCB3} = {D3A4E2A4-0B77-4E73-982F-3E97452BBE23}
	EndGlobalSection
EndGlobal
